// !$*UTF8*$!
{
	archiveVersion = 1;
	classes = {
	};
	objectVersion = 48;
	objects = {

/* Begin PBXBuildFile section */
		04EE6F2C200B3A6400AF1206 /* PictureFeedViewController.swift in Sources */ = {isa = PBXBuildFile; fileRef = 04EE6F2B200B3A6400AF1206 /* PictureFeedViewController.swift */; };
		38424713200AC50B00BE2AEF /* AppDelegate.swift in Sources */ = {isa = PBXBuildFile; fileRef = 3842470D200AC50B00BE2AEF /* AppDelegate.swift */; };
		38424714200AC50B00BE2AEF /* Assets.xcassets in Resources */ = {isa = PBXBuildFile; fileRef = 3842470E200AC50B00BE2AEF /* Assets.xcassets */; };
		38424715200AC50B00BE2AEF /* LaunchScreen.storyboard in Resources */ = {isa = PBXBuildFile; fileRef = 3842470F200AC50B00BE2AEF /* LaunchScreen.storyboard */; };
		38424717200AC50B00BE2AEF /* TrainerViewController.swift in Sources */ = {isa = PBXBuildFile; fileRef = 38424712200AC50B00BE2AEF /* TrainerViewController.swift */; };
		38424727200AC6A100BE2AEF /* Emotion.swift in Sources */ = {isa = PBXBuildFile; fileRef = 38424726200AC6A100BE2AEF /* Emotion.swift */; };
		38424729200AD80800BE2AEF /* FaceRecord.swift in Sources */ = {isa = PBXBuildFile; fileRef = 38424728200AD80800BE2AEF /* FaceRecord.swift */; };
		38424730200B22B300BE2AEF /* DynamicTabBarController.swift in Sources */ = {isa = PBXBuildFile; fileRef = 3842472B200B22B300BE2AEF /* DynamicTabBarController.swift */; };
		38424731200B22B300BE2AEF /* DynamicTabBar.swift in Sources */ = {isa = PBXBuildFile; fileRef = 3842472C200B22B300BE2AEF /* DynamicTabBar.swift */; };
		38424732200B22B300BE2AEF /* DynamicTabBarCell.swift in Sources */ = {isa = PBXBuildFile; fileRef = 3842472D200B22B300BE2AEF /* DynamicTabBarCell.swift */; };
		38424733200B22B300BE2AEF /* NSConstraintLayoutSet.swift in Sources */ = {isa = PBXBuildFile; fileRef = 3842472E200B22B300BE2AEF /* NSConstraintLayoutSet.swift */; };
		38424736200B231C00BE2AEF /* EmotionReaderViewController.swift in Sources */ = {isa = PBXBuildFile; fileRef = 38424735200B231C00BE2AEF /* EmotionReaderViewController.swift */; };
		3842473E200B365800BE2AEF /* EmotionModel.mlmodel in Sources */ = {isa = PBXBuildFile; fileRef = 3842473D200B365800BE2AEF /* EmotionModel.mlmodel */; };
		38424744200B447100BE2AEF /* Alert.swift in Sources */ = {isa = PBXBuildFile; fileRef = 3842473F200B447100BE2AEF /* Alert.swift */; };
		38424745200B447100BE2AEF /* DownloadWheel.swift in Sources */ = {isa = PBXBuildFile; fileRef = 38424740200B447100BE2AEF /* DownloadWheel.swift */; };
		38424746200B447100BE2AEF /* Ping.swift in Sources */ = {isa = PBXBuildFile; fileRef = 38424741200B447100BE2AEF /* Ping.swift */; };
		38424747200B447100BE2AEF /* Toast.swift in Sources */ = {isa = PBXBuildFile; fileRef = 38424742200B447100BE2AEF /* Toast.swift */; };
		38424748200B447100BE2AEF /* DownloadLine.swift in Sources */ = {isa = PBXBuildFile; fileRef = 38424743200B447100BE2AEF /* DownloadLine.swift */; };
		3842474D200B448C00BE2AEF /* UIDevice+Extensions.swift in Sources */ = {isa = PBXBuildFile; fileRef = 3842474B200B448C00BE2AEF /* UIDevice+Extensions.swift */; };
		3842474F200B44A100BE2AEF /* UIView+AutoLayout.swift in Sources */ = {isa = PBXBuildFile; fileRef = 3842474E200B44A100BE2AEF /* UIView+AutoLayout.swift */; };
		38424751200B46A600BE2AEF /* CoreMLSyncViewController.swift in Sources */ = {isa = PBXBuildFile; fileRef = 38424750200B46A600BE2AEF /* CoreMLSyncViewController.swift */; };
		3879A95F200B627300DAA6CD /* FeedCell.swift in Sources */ = {isa = PBXBuildFile; fileRef = 3879A95E200B627300DAA6CD /* FeedCell.swift */; };
		3879A961200B629D00DAA6CD /* StatsViewController.swift in Sources */ = {isa = PBXBuildFile; fileRef = 3879A960200B629C00DAA6CD /* StatsViewController.swift */; };
		3879A96D200B683000DAA6CD /* Header.swift in Sources */ = {isa = PBXBuildFile; fileRef = 3879A96C200B683000DAA6CD /* Header.swift */; };
		3879A96F200B697500DAA6CD /* Footer.swift in Sources */ = {isa = PBXBuildFile; fileRef = 3879A96E200B697500DAA6CD /* Footer.swift */; };
		3879A971200B6E4200DAA6CD /* Lorem.swift in Sources */ = {isa = PBXBuildFile; fileRef = 3879A970200B6E4200DAA6CD /* Lorem.swift */; };
		3879A973200B6E8400DAA6CD /* Random.swift in Sources */ = {isa = PBXBuildFile; fileRef = 3879A972200B6E8400DAA6CD /* Random.swift */; };
		3879A975200B6EE000DAA6CD /* Date+Extensions.swift in Sources */ = {isa = PBXBuildFile; fileRef = 3879A974200B6EE000DAA6CD /* Date+Extensions.swift */; };
		3879A977200B708F00DAA6CD /* UIColor+Extensions.swift in Sources */ = {isa = PBXBuildFile; fileRef = 3879A976200B708F00DAA6CD /* UIColor+Extensions.swift */; };
		3879A979200B841200DAA6CD /* FaceTrackerController.swift in Sources */ = {isa = PBXBuildFile; fileRef = 3879A978200B841200DAA6CD /* FaceTrackerController.swift */; };
/* End PBXBuildFile section */

/* Begin PBXCopyFilesBuildPhase section */
		3879A968200B639700DAA6CD /* Embed Frameworks */ = {
			isa = PBXCopyFilesBuildPhase;
			buildActionMask = 2147483647;
			dstPath = "";
			dstSubfolderSpec = 10;
			files = (
			);
			name = "Embed Frameworks";
			runOnlyForDeploymentPostprocessing = 0;
		};
/* End PBXCopyFilesBuildPhase section */

/* Begin PBXFileReference section */
		04EE6F2B200B3A6400AF1206 /* PictureFeedViewController.swift */ = {isa = PBXFileReference; fileEncoding = 4; lastKnownFileType = sourcecode.swift; path = PictureFeedViewController.swift; sourceTree = "<group>"; };
		384246FA200AC47400BE2AEF /* nwHacks2018.app */ = {isa = PBXFileReference; explicitFileType = wrapper.application; includeInIndex = 0; path = nwHacks2018.app; sourceTree = BUILT_PRODUCTS_DIR; };
		3842470D200AC50B00BE2AEF /* AppDelegate.swift */ = {isa = PBXFileReference; fileEncoding = 4; lastKnownFileType = sourcecode.swift; path = AppDelegate.swift; sourceTree = "<group>"; };
		3842470E200AC50B00BE2AEF /* Assets.xcassets */ = {isa = PBXFileReference; lastKnownFileType = folder.assetcatalog; path = Assets.xcassets; sourceTree = "<group>"; };
		38424710200AC50B00BE2AEF /* Base */ = {isa = PBXFileReference; lastKnownFileType = file.storyboard; name = Base; path = Base.lproj/LaunchScreen.storyboard; sourceTree = "<group>"; };
		38424711200AC50B00BE2AEF /* Info.plist */ = {isa = PBXFileReference; fileEncoding = 4; lastKnownFileType = text.plist.xml; path = Info.plist; sourceTree = "<group>"; };
		38424712200AC50B00BE2AEF /* TrainerViewController.swift */ = {isa = PBXFileReference; fileEncoding = 4; lastKnownFileType = sourcecode.swift; path = TrainerViewController.swift; sourceTree = "<group>"; };
		38424726200AC6A100BE2AEF /* Emotion.swift */ = {isa = PBXFileReference; lastKnownFileType = sourcecode.swift; path = Emotion.swift; sourceTree = "<group>"; };
		38424728200AD80800BE2AEF /* FaceRecord.swift */ = {isa = PBXFileReference; lastKnownFileType = sourcecode.swift; path = FaceRecord.swift; sourceTree = "<group>"; };
		3842472B200B22B300BE2AEF /* DynamicTabBarController.swift */ = {isa = PBXFileReference; fileEncoding = 4; lastKnownFileType = sourcecode.swift; path = DynamicTabBarController.swift; sourceTree = "<group>"; };
		3842472C200B22B300BE2AEF /* DynamicTabBar.swift */ = {isa = PBXFileReference; fileEncoding = 4; lastKnownFileType = sourcecode.swift; path = DynamicTabBar.swift; sourceTree = "<group>"; };
		3842472D200B22B300BE2AEF /* DynamicTabBarCell.swift */ = {isa = PBXFileReference; fileEncoding = 4; lastKnownFileType = sourcecode.swift; path = DynamicTabBarCell.swift; sourceTree = "<group>"; };
		3842472E200B22B300BE2AEF /* NSConstraintLayoutSet.swift */ = {isa = PBXFileReference; fileEncoding = 4; lastKnownFileType = sourcecode.swift; path = NSConstraintLayoutSet.swift; sourceTree = "<group>"; };
		38424735200B231C00BE2AEF /* EmotionReaderViewController.swift */ = {isa = PBXFileReference; lastKnownFileType = sourcecode.swift; path = EmotionReaderViewController.swift; sourceTree = "<group>"; };
		3842473D200B365800BE2AEF /* EmotionModel.mlmodel */ = {isa = PBXFileReference; lastKnownFileType = file.mlmodel; path = EmotionModel.mlmodel; sourceTree = "<group>"; };
		3842473F200B447100BE2AEF /* Alert.swift */ = {isa = PBXFileReference; fileEncoding = 4; lastKnownFileType = sourcecode.swift; path = Alert.swift; sourceTree = "<group>"; };
		38424740200B447100BE2AEF /* DownloadWheel.swift */ = {isa = PBXFileReference; fileEncoding = 4; lastKnownFileType = sourcecode.swift; path = DownloadWheel.swift; sourceTree = "<group>"; };
		38424741200B447100BE2AEF /* Ping.swift */ = {isa = PBXFileReference; fileEncoding = 4; lastKnownFileType = sourcecode.swift; path = Ping.swift; sourceTree = "<group>"; };
		38424742200B447100BE2AEF /* Toast.swift */ = {isa = PBXFileReference; fileEncoding = 4; lastKnownFileType = sourcecode.swift; path = Toast.swift; sourceTree = "<group>"; };
		38424743200B447100BE2AEF /* DownloadLine.swift */ = {isa = PBXFileReference; fileEncoding = 4; lastKnownFileType = sourcecode.swift; path = DownloadLine.swift; sourceTree = "<group>"; };
		3842474B200B448C00BE2AEF /* UIDevice+Extensions.swift */ = {isa = PBXFileReference; fileEncoding = 4; lastKnownFileType = sourcecode.swift; path = "UIDevice+Extensions.swift"; sourceTree = "<group>"; };
		3842474E200B44A100BE2AEF /* UIView+AutoLayout.swift */ = {isa = PBXFileReference; fileEncoding = 4; lastKnownFileType = sourcecode.swift; path = "UIView+AutoLayout.swift"; sourceTree = "<group>"; };
		38424750200B46A600BE2AEF /* CoreMLSyncViewController.swift */ = {isa = PBXFileReference; lastKnownFileType = sourcecode.swift; path = CoreMLSyncViewController.swift; sourceTree = "<group>"; };
		3879A95E200B627300DAA6CD /* FeedCell.swift */ = {isa = PBXFileReference; fileEncoding = 4; lastKnownFileType = sourcecode.swift; path = FeedCell.swift; sourceTree = "<group>"; };
		3879A960200B629C00DAA6CD /* StatsViewController.swift */ = {isa = PBXFileReference; fileEncoding = 4; lastKnownFileType = sourcecode.swift; path = StatsViewController.swift; sourceTree = "<group>"; };
		3879A96C200B683000DAA6CD /* Header.swift */ = {isa = PBXFileReference; lastKnownFileType = sourcecode.swift; path = Header.swift; sourceTree = "<group>"; };
		3879A96E200B697500DAA6CD /* Footer.swift */ = {isa = PBXFileReference; lastKnownFileType = sourcecode.swift; path = Footer.swift; sourceTree = "<group>"; };
		3879A970200B6E4200DAA6CD /* Lorem.swift */ = {isa = PBXFileReference; fileEncoding = 4; lastKnownFileType = sourcecode.swift; path = Lorem.swift; sourceTree = "<group>"; };
		3879A972200B6E8400DAA6CD /* Random.swift */ = {isa = PBXFileReference; fileEncoding = 4; lastKnownFileType = sourcecode.swift; path = Random.swift; sourceTree = "<group>"; };
		3879A974200B6EE000DAA6CD /* Date+Extensions.swift */ = {isa = PBXFileReference; fileEncoding = 4; lastKnownFileType = sourcecode.swift; path = "Date+Extensions.swift"; sourceTree = "<group>"; };
		3879A976200B708F00DAA6CD /* UIColor+Extensions.swift */ = {isa = PBXFileReference; fileEncoding = 4; lastKnownFileType = sourcecode.swift; path = "UIColor+Extensions.swift"; sourceTree = "<group>"; };
		3879A978200B841200DAA6CD /* FaceTrackerController.swift */ = {isa = PBXFileReference; lastKnownFileType = sourcecode.swift; path = FaceTrackerController.swift; sourceTree = "<group>"; };
/* End PBXFileReference section */

/* Begin PBXFrameworksBuildPhase section */
		384246F7200AC47400BE2AEF /* Frameworks */ = {
			isa = PBXFrameworksBuildPhase;
			buildActionMask = 2147483647;
			files = (
			);
			runOnlyForDeploymentPostprocessing = 0;
		};
/* End PBXFrameworksBuildPhase section */

/* Begin PBXGroup section */
		384246F1200AC47400BE2AEF = {
			isa = PBXGroup;
			children = (
				3842470C200AC50B00BE2AEF /* Source */,
				384246FB200AC47400BE2AEF /* Products */,
			);
			sourceTree = "<group>";
		};
		384246FB200AC47400BE2AEF /* Products */ = {
			isa = PBXGroup;
			children = (
				384246FA200AC47400BE2AEF /* nwHacks2018.app */,
			);
			name = Products;
			sourceTree = "<group>";
		};
		3842470C200AC50B00BE2AEF /* Source */ = {
			isa = PBXGroup;
			children = (
				3842470D200AC50B00BE2AEF /* AppDelegate.swift */,
				3842470E200AC50B00BE2AEF /* Assets.xcassets */,
				3842473D200B365800BE2AEF /* EmotionModel.mlmodel */,
				3842471B200AC52900BE2AEF /* Controllers */,
				3842471A200AC52500BE2AEF /* Views */,
				38424719200AC52100BE2AEF /* Models */,
				3842471C200AC54100BE2AEF /* Extensions */,
				38424718200AC51300BE2AEF /* Supporting Files */,
			);
			path = Source;
			sourceTree = "<group>";
		};
		38424718200AC51300BE2AEF /* Supporting Files */ = {
			isa = PBXGroup;
			children = (
				38424749200B447600BE2AEF /* AlertHUDKit */,
				38424734200B22B700BE2AEF /* DynamicTabBarController */,
				3842470F200AC50B00BE2AEF /* LaunchScreen.storyboard */,
				38424711200AC50B00BE2AEF /* Info.plist */,
			);
			path = "Supporting Files";
			sourceTree = "<group>";
		};
		38424719200AC52100BE2AEF /* Models */ = {
			isa = PBXGroup;
			children = (
				3879A970200B6E4200DAA6CD /* Lorem.swift */,
				3879A972200B6E8400DAA6CD /* Random.swift */,
				38424728200AD80800BE2AEF /* FaceRecord.swift */,
				38424726200AC6A100BE2AEF /* Emotion.swift */,
			);
			path = Models;
			sourceTree = "<group>";
		};
		3842471A200AC52500BE2AEF /* Views */ = {
			isa = PBXGroup;
			children = (
				3879A96C200B683000DAA6CD /* Header.swift */,
				3879A96E200B697500DAA6CD /* Footer.swift */,
				3879A95E200B627300DAA6CD /* FeedCell.swift */,
			);
			path = Views;
			sourceTree = "<group>";
		};
		3842471B200AC52900BE2AEF /* Controllers */ = {
			isa = PBXGroup;
			children = (
				3879A978200B841200DAA6CD /* FaceTrackerController.swift */,
				38424712200AC50B00BE2AEF /* TrainerViewController.swift */,
				38424750200B46A600BE2AEF /* CoreMLSyncViewController.swift */,
				38424735200B231C00BE2AEF /* EmotionReaderViewController.swift */,
				04EE6F2B200B3A6400AF1206 /* PictureFeedViewController.swift */,
				3879A960200B629C00DAA6CD /* StatsViewController.swift */,
			);
			path = Controllers;
			sourceTree = "<group>";
		};
		3842471C200AC54100BE2AEF /* Extensions */ = {
			isa = PBXGroup;
			children = (
				3879A976200B708F00DAA6CD /* UIColor+Extensions.swift */,
				3879A974200B6EE000DAA6CD /* Date+Extensions.swift */,
				3842474E200B44A100BE2AEF /* UIView+AutoLayout.swift */,
			);
			path = Extensions;
			sourceTree = "<group>";
		};
		38424734200B22B700BE2AEF /* DynamicTabBarController */ = {
			isa = PBXGroup;
			children = (
				3842472C200B22B300BE2AEF /* DynamicTabBar.swift */,
				3842472D200B22B300BE2AEF /* DynamicTabBarCell.swift */,
				3842472B200B22B300BE2AEF /* DynamicTabBarController.swift */,
				3842472E200B22B300BE2AEF /* NSConstraintLayoutSet.swift */,
			);
			path = DynamicTabBarController;
			sourceTree = "<group>";
		};
		38424749200B447600BE2AEF /* AlertHUDKit */ = {
			isa = PBXGroup;
			children = (
				3842473F200B447100BE2AEF /* Alert.swift */,
				38424743200B447100BE2AEF /* DownloadLine.swift */,
				38424740200B447100BE2AEF /* DownloadWheel.swift */,
				38424741200B447100BE2AEF /* Ping.swift */,
				38424742200B447100BE2AEF /* Toast.swift */,
				3842474B200B448C00BE2AEF /* UIDevice+Extensions.swift */,
			);
			path = AlertHUDKit;
			sourceTree = "<group>";
		};
/* End PBXGroup section */

/* Begin PBXNativeTarget section */
		384246F9200AC47400BE2AEF /* nwHacks2018 */ = {
			isa = PBXNativeTarget;
			buildConfigurationList = 38424709200AC47400BE2AEF /* Build configuration list for PBXNativeTarget "nwHacks2018" */;
			buildPhases = (
				384246F6200AC47400BE2AEF /* Sources */,
				384246F7200AC47400BE2AEF /* Frameworks */,
				384246F8200AC47400BE2AEF /* Resources */,
				3879A968200B639700DAA6CD /* Embed Frameworks */,
			);
			buildRules = (
			);
			dependencies = (
			);
			name = nwHacks2018;
			productName = nwHacks2018;
			productReference = 384246FA200AC47400BE2AEF /* nwHacks2018.app */;
			productType = "com.apple.product-type.application";
		};
/* End PBXNativeTarget section */

/* Begin PBXProject section */
		384246F2200AC47400BE2AEF /* Project object */ = {
			isa = PBXProject;
			attributes = {
				LastSwiftUpdateCheck = 0920;
				LastUpgradeCheck = 0920;
				ORGANIZATIONNAME = "Nathan Tannar";
				TargetAttributes = {
					384246F9200AC47400BE2AEF = {
						CreatedOnToolsVersion = 9.2;
						LastSwiftMigration = 0920;
						ProvisioningStyle = Automatic;
					};
				};
			};
			buildConfigurationList = 384246F5200AC47400BE2AEF /* Build configuration list for PBXProject "nwHacks2018" */;
			compatibilityVersion = "Xcode 8.0";
			developmentRegion = en;
			hasScannedForEncodings = 0;
			knownRegions = (
				en,
				Base,
			);
			mainGroup = 384246F1200AC47400BE2AEF;
			productRefGroup = 384246FB200AC47400BE2AEF /* Products */;
			projectDirPath = "";
			projectRoot = "";
			targets = (
				384246F9200AC47400BE2AEF /* nwHacks2018 */,
			);
		};
/* End PBXProject section */

/* Begin PBXResourcesBuildPhase section */
		384246F8200AC47400BE2AEF /* Resources */ = {
			isa = PBXResourcesBuildPhase;
			buildActionMask = 2147483647;
			files = (
				38424714200AC50B00BE2AEF /* Assets.xcassets in Resources */,
				38424715200AC50B00BE2AEF /* LaunchScreen.storyboard in Resources */,
			);
			runOnlyForDeploymentPostprocessing = 0;
		};
/* End PBXResourcesBuildPhase section */

/* Begin PBXSourcesBuildPhase section */
		384246F6200AC47400BE2AEF /* Sources */ = {
			isa = PBXSourcesBuildPhase;
			buildActionMask = 2147483647;
			files = (
				38424717200AC50B00BE2AEF /* TrainerViewController.swift in Sources */,
				38424731200B22B300BE2AEF /* DynamicTabBar.swift in Sources */,
				3879A973200B6E8400DAA6CD /* Random.swift in Sources */,
				38424747200B447100BE2AEF /* Toast.swift in Sources */,
				04EE6F2C200B3A6400AF1206 /* PictureFeedViewController.swift in Sources */,
				38424746200B447100BE2AEF /* Ping.swift in Sources */,
				38424713200AC50B00BE2AEF /* AppDelegate.swift in Sources */,
				3879A971200B6E4200DAA6CD /* Lorem.swift in Sources */,
				3879A96F200B697500DAA6CD /* Footer.swift in Sources */,
				3842473E200B365800BE2AEF /* EmotionModel.mlmodel in Sources */,
				38424748200B447100BE2AEF /* DownloadLine.swift in Sources */,
				3879A975200B6EE000DAA6CD /* Date+Extensions.swift in Sources */,
				38424733200B22B300BE2AEF /* NSConstraintLayoutSet.swift in Sources */,
				38424745200B447100BE2AEF /* DownloadWheel.swift in Sources */,
				3842474F200B44A100BE2AEF /* UIView+AutoLayout.swift in Sources */,
				3879A961200B629D00DAA6CD /* StatsViewController.swift in Sources */,
				38424744200B447100BE2AEF /* Alert.swift in Sources */,
				3842474D200B448C00BE2AEF /* UIDevice+Extensions.swift in Sources */,
				3879A95F200B627300DAA6CD /* FeedCell.swift in Sources */,
				3879A96D200B683000DAA6CD /* Header.swift in Sources */,
				38424730200B22B300BE2AEF /* DynamicTabBarController.swift in Sources */,
				3879A979200B841200DAA6CD /* FaceTrackerController.swift in Sources */,
				38424732200B22B300BE2AEF /* DynamicTabBarCell.swift in Sources */,
				38424751200B46A600BE2AEF /* CoreMLSyncViewController.swift in Sources */,
				38424727200AC6A100BE2AEF /* Emotion.swift in Sources */,
				38424729200AD80800BE2AEF /* FaceRecord.swift in Sources */,
				3879A977200B708F00DAA6CD /* UIColor+Extensions.swift in Sources */,
				38424736200B231C00BE2AEF /* EmotionReaderViewController.swift in Sources */,
			);
			runOnlyForDeploymentPostprocessing = 0;
		};
/* End PBXSourcesBuildPhase section */

/* Begin PBXVariantGroup section */
		3842470F200AC50B00BE2AEF /* LaunchScreen.storyboard */ = {
			isa = PBXVariantGroup;
			children = (
				38424710200AC50B00BE2AEF /* Base */,
			);
			name = LaunchScreen.storyboard;
			sourceTree = "<group>";
		};
/* End PBXVariantGroup section */

/* Begin XCBuildConfiguration section */
		38424708200AC47400BE2AEF /* Release */ = {
			isa = XCBuildConfiguration;
			buildSettings = {
				ALWAYS_SEARCH_USER_PATHS = NO;
				CLANG_ANALYZER_NONNULL = YES;
				CLANG_ANALYZER_NUMBER_OBJECT_CONVERSION = YES_AGGRESSIVE;
				CLANG_CXX_LANGUAGE_STANDARD = "gnu++14";
				CLANG_CXX_LIBRARY = "libc++";
				CLANG_ENABLE_MODULES = YES;
				CLANG_ENABLE_OBJC_ARC = YES;
				CLANG_WARN_BLOCK_CAPTURE_AUTORELEASING = YES;
				CLANG_WARN_BOOL_CONVERSION = YES;
				CLANG_WARN_COMMA = YES;
				CLANG_WARN_CONSTANT_CONVERSION = YES;
				CLANG_WARN_DIRECT_OBJC_ISA_USAGE = YES_ERROR;
				CLANG_WARN_DOCUMENTATION_COMMENTS = YES;
				CLANG_WARN_EMPTY_BODY = YES;
				CLANG_WARN_ENUM_CONVERSION = YES;
				CLANG_WARN_INFINITE_RECURSION = YES;
				CLANG_WARN_INT_CONVERSION = YES;
				CLANG_WARN_NON_LITERAL_NULL_CONVERSION = YES;
				CLANG_WARN_OBJC_LITERAL_CONVERSION = YES;
				CLANG_WARN_OBJC_ROOT_CLASS = YES_ERROR;
				CLANG_WARN_RANGE_LOOP_ANALYSIS = YES;
				CLANG_WARN_STRICT_PROTOTYPES = YES;
				CLANG_WARN_SUSPICIOUS_MOVE = YES;
				CLANG_WARN_UNGUARDED_AVAILABILITY = YES_AGGRESSIVE;
				CLANG_WARN_UNREACHABLE_CODE = YES;
				CLANG_WARN__DUPLICATE_METHOD_MATCH = YES;
				CODE_SIGN_IDENTITY = "iPhone Developer";
				COPY_PHASE_STRIP = NO;
				DEBUG_INFORMATION_FORMAT = "dwarf-with-dsym";
				ENABLE_NS_ASSERTIONS = NO;
				ENABLE_STRICT_OBJC_MSGSEND = YES;
				GCC_C_LANGUAGE_STANDARD = gnu11;
				GCC_NO_COMMON_BLOCKS = YES;
				GCC_WARN_64_TO_32_BIT_CONVERSION = YES;
				GCC_WARN_ABOUT_RETURN_TYPE = YES_ERROR;
				GCC_WARN_UNDECLARED_SELECTOR = YES;
				GCC_WARN_UNINITIALIZED_AUTOS = YES_AGGRESSIVE;
				GCC_WARN_UNUSED_FUNCTION = YES;
				GCC_WARN_UNUSED_VARIABLE = YES;
				IPHONEOS_DEPLOYMENT_TARGET = 11.2;
				MTL_ENABLE_DEBUG_INFO = NO;
				SDKROOT = iphoneos;
				SWIFT_OPTIMIZATION_LEVEL = "-Owholemodule";
				VALIDATE_PRODUCT = YES;
			};
			name = Release;
		};
		3842470B200AC47400BE2AEF /* Release */ = {
			isa = XCBuildConfiguration;
			buildSettings = {
				ASSETCATALOG_COMPILER_APPICON_NAME = AppIcon;
				CLANG_ENABLE_MODULES = YES;
				"CODE_SIGN_IDENTITY[sdk=iphoneos*]" = "iPhone Developer";
				CODE_SIGN_STYLE = Automatic;
				DEVELOPMENT_TEAM = JH5XJ55XGZ;
				FRAMEWORK_SEARCH_PATHS = "$(inherited)";
				INFOPLIST_FILE = "$(SRCROOT)/Source/Supporting Files/Info.plist";
				LD_RUNPATH_SEARCH_PATHS = "$(inherited) @executable_path/Frameworks";
				OTHER_LDFLAGS = "";
				PRODUCT_BUNDLE_IDENTIFIER = "me.nathantannar.nwHacks2018-emotion";
				PRODUCT_NAME = "$(TARGET_NAME)";
				PROVISIONING_PROFILE_SPECIFIER = "";
				SWIFT_INSTALL_OBJC_HEADER = NO;
				SWIFT_OBJC_BRIDGING_HEADER = "";
				SWIFT_PRECOMPILE_BRIDGING_HEADER = NO;
				SWIFT_VERSION = 4.0;
				TARGETED_DEVICE_FAMILY = "1,2";
			};
			name = Release;
		};
/* End XCBuildConfiguration section */

/* Begin XCConfigurationList section */
		384246F5200AC47400BE2AEF /* Build configuration list for PBXProject "nwHacks2018" */ = {
			isa = XCConfigurationList;
			buildConfigurations = (
				38424708200AC47400BE2AEF /* Release */,
			);
			defaultConfigurationIsVisible = 0;
			defaultConfigurationName = Release;
		};
		38424709200AC47400BE2AEF /* Build configuration list for PBXNativeTarget "nwHacks2018" */ = {
			isa = XCConfigurationList;
			buildConfigurations = (
				3842470B200AC47400BE2AEF /* Release */,
			);
			defaultConfigurationIsVisible = 0;
			defaultConfigurationName = Release;
		};
/* End XCConfigurationList section */
	};
	rootObject = 384246F2200AC47400BE2AEF /* Project object */;
}
